PODS:
  - Realm (5.4.7):
    - Realm/Headers (= 5.4.7)
  - Realm/Headers (5.4.7)
  - RealmSwift (5.4.7):
    - Realm (= 5.4.7)

DEPENDENCIES:
  - RealmSwift

SPEC REPOS:
  trunk:
    - Realm
    - RealmSwift

SPEC CHECKSUMS:
  Realm: 4bfc08e376b2e30c84ec3200ebe715574da05cc0
  RealmSwift: ed40f371b62e8677141939e05b44a0c1a0a2d965

PODFILE CHECKSUM: 4dffad76d50ef96348fbfa2c4d2e1ab2fae15e0c

COCOAPODS: 1.10.0
